// !$*UTF8*$!
{
	archiveVersion = 1;
	classes = {
	};
	objectVersion = 46;
	objects = {

/* Begin PBXBuildFile section */
		5041FF681BF88D310089F4BF /* AppDelegate.swift in Sources */ = {isa = PBXBuildFile; fileRef = 5041FF671BF88D310089F4BF /* AppDelegate.swift */; };
		5041FF6A1BF88D310089F4BF /* ViewController.swift in Sources */ = {isa = PBXBuildFile; fileRef = 5041FF691BF88D310089F4BF /* ViewController.swift */; };
		5041FF6D1BF88D310089F4BF /* Main.storyboard in Resources */ = {isa = PBXBuildFile; fileRef = 5041FF6B1BF88D310089F4BF /* Main.storyboard */; };
		5041FF6F1BF88D310089F4BF /* Assets.xcassets in Resources */ = {isa = PBXBuildFile; fileRef = 5041FF6E1BF88D310089F4BF /* Assets.xcassets */; };
		5041FF721BF88D310089F4BF /* LaunchScreen.storyboard in Resources */ = {isa = PBXBuildFile; fileRef = 5041FF701BF88D310089F4BF /* LaunchScreen.storyboard */; };
/* End PBXBuildFile section */

/* Begin PBXFileReference section */
		5041FF641BF88D310089F4BF /* OOPRPG.app */ = {isa = PBXFileReference; explicitFileType = wrapper.application; includeInIndex = 0; path = OOPRPG.app; sourceTree = BUILT_PRODUCTS_DIR; };
		5041FF671BF88D310089F4BF /* AppDelegate.swift */ = {isa = PBXFileReference; lastKnownFileType = sourcecode.swift; path = AppDelegate.swift; sourceTree = "<group>"; };
		5041FF691BF88D310089F4BF /* ViewController.swift */ = {isa = PBXFileReference; lastKnownFileType = sourcecode.swift; path = ViewController.swift; sourceTree = "<group>"; };
		5041FF6C1BF88D310089F4BF /* Base */ = {isa = PBXFileReference; lastKnownFileType = file.storyboard; name = Base; path = Base.lproj/Main.storyboard; sourceTree = "<group>"; };
		5041FF6E1BF88D310089F4BF /* Assets.xcassets */ = {isa = PBXFileReference; lastKnownFileType = folder.assetcatalog; path = Assets.xcassets; sourceTree = "<group>"; };
		5041FF711BF88D310089F4BF /* Base */ = {isa = PBXFileReference; lastKnownFileType = file.storyboard; name = Base; path = Base.lproj/LaunchScreen.storyboard; sourceTree = "<group>"; };
		5041FF731BF88D310089F4BF /* Info.plist */ = {isa = PBXFileReference; lastKnownFileType = text.plist.xml; path = Info.plist; sourceTree = "<group>"; };
/* End PBXFileReference section */

/* Begin PBXFrameworksBuildPhase section */
		5041FF611BF88D310089F4BF /* Frameworks */ = {
			isa = PBXFrameworksBuildPhase;
			buildActionMask = 2147483647;
			files = (
			);
			runOnlyForDeploymentPostprocessing = 0;
		};
/* End PBXFrameworksBuildPhase section */

/* Begin PBXGroup section */
		5041FF5B1BF88D310089F4BF = {
			isa = PBXGroup;
			children = (
				5041FF661BF88D310089F4BF /* OOPRPG */,
				5041FF651BF88D310089F4BF /* Products */,
			);
			sourceTree = "<group>";
		};
		5041FF651BF88D310089F4BF /* Products */ = {
			isa = PBXGroup;
			children = (
				5041FF641BF88D310089F4BF /* OOPRPG.app */,
			);
			name = Products;
			sourceTree = "<group>";
		};
		5041FF661BF88D310089F4BF /* OOPRPG */ = {
			isa = PBXGroup;
			children = (
				5041FF671BF88D310089F4BF /* AppDelegate.swift */,
				5041FF691BF88D310089F4BF /* ViewController.swift */,
				5041FF6B1BF88D310089F4BF /* Main.storyboard */,
				5041FF6E1BF88D310089F4BF /* Assets.xcassets */,
				5041FF701BF88D310089F4BF /* LaunchScreen.storyboard */,
				5041FF731BF88D310089F4BF /* Info.plist */,
			);
			path = OOPRPG;
			sourceTree = "<group>";
		};
/* End PBXGroup section */

/* Begin PBXNativeTarget section */
		5041FF631BF88D310089F4BF /* OOPRPG */ = {
			isa = PBXNativeTarget;
			buildConfigurationList = 5041FF761BF88D310089F4BF /* Build configuration list for PBXNativeTarget "OOPRPG" */;
			buildPhases = (
				5041FF601BF88D310089F4BF /* Sources */,
				5041FF611BF88D310089F4BF /* Frameworks */,
				5041FF621BF88D310089F4BF /* Resources */,
			);
			buildRules = (
			);
			dependencies = (
			);
			name = OOPRPG;
			productName = OOPRPG;
			productReference = 5041FF641BF88D310089F4BF /* OOPRPG.app */;
			productType = "com.apple.product-type.application";
		};
/* End PBXNativeTarget section */

/* Begin PBXProject section */
		5041FF5C1BF88D310089F4BF /* Project object */ = {
			isa = PBXProject;
			attributes = {
				LastSwiftUpdateCheck = 0710;
				LastUpgradeCheck = 0710;
				ORGANIZATIONNAME = virtuoso;
				TargetAttributes = {
					5041FF631BF88D310089F4BF = {
						CreatedOnToolsVersion = 7.1;
					};
				};
			};
			buildConfigurationList = 5041FF5F1BF88D310089F4BF /* Build configuration list for PBXProject "OOPRPG" */;
			compatibilityVersion = "Xcode 3.2";
			developmentRegion = English;
			hasScannedForEncodings = 0;
			knownRegions = (
				en,
				Base,
			);
			mainGroup = 5041FF5B1BF88D310089F4BF;
			productRefGroup = 5041FF651BF88D310089F4BF /* Products */;
			projectDirPath = "";
			projectRoot = "";
			targets = (
				5041FF631BF88D310089F4BF /* OOPRPG */,
			);
		};
/* End PBXProject section */

/* Begin PBXResourcesBuildPhase section */
		5041FF621BF88D310089F4BF /* Resources */ = {
			isa = PBXResourcesBuildPhase;
			buildActionMask = 2147483647;
			files = (
				5041FF721BF88D310089F4BF /* LaunchScreen.storyboard in Resources */,
				5041FF6F1BF88D310089F4BF /* Assets.xcassets in Resources */,
				5041FF6D1BF88D310089F4BF /* Main.storyboard in Resources */,
			);
			runOnlyForDeploymentPostprocessing = 0;
		};
/* End PBXResourcesBuildPhase section */

/* Begin PBXSourcesBuildPhase section */
		5041FF601BF88D310089F4BF /* Sources */ = {
			isa = PBXSourcesBuildPhase;
			buildActionMask = 2147483647;
			files = (
				5041FF6A1BF88D310089F4BF /* ViewController.swift in Sources */,
				5041FF681BF88D310089F4BF /* AppDelegate.swift in Sources */,
			);
			runOnlyForDeploymentPostprocessing = 0;
		};
/* End PBXSourcesBuildPhase section */

/* Begin PBXVariantGroup section */
		5041FF6B1BF88D310089F4BF /* Main.storyboard */ = {
			isa = PBXVariantGroup;
			children = (
				5041FF6C1BF88D310089F4BF /* Base */,
			);
			name = Main.storyboard;
			sourceTree = "<group>";
		};
		5041FF701BF88D310089F4BF /* LaunchScreen.storyboard */ = {
			isa = PBXVariantGroup;
			children = (
				5041FF711BF88D310089F4BF /* Base */,
			);
			name = LaunchScreen.storyboard;
			sourceTree = "<group>";
		};
/* End PBXVariantGroup section */

/* Begin XCBuildConfiguration section */
		5041FF741BF88D310089F4BF /* Debug */ = {
			isa = XCBuildConfiguration;
			buildSettings = {
				ALWAYS_SEARCH_USER_PATHS = NO;
				CLANG_CXX_LANGUAGE_STANDARD = "gnu++0x";
				CLANG_CXX_LIBRARY = "libc++";
				CLANG_ENABLE_MODULES = YES;
				CLANG_ENABLE_OBJC_ARC = YES;
				CLANG_WARN_BOOL_CONVERSION = YES;
				CLANG_WARN_CONSTANT_CONVERSION = YES;
				CLANG_WARN_DIRECT_OBJC_ISA_USAGE = YES_ERROR;
				CLANG_WARN_EMPTY_BODY = YES;
				CLANG_WARN_ENUM_CONVERSION = YES;
				CLANG_WARN_INT_CONVERSION = YES;
				CLANG_WARN_OBJC_ROOT_CLASS = YES_ERROR;
				CLANG_WARN_UNREACHABLE_CODE = YES;
				CLANG_WARN__DUPLICATE_METHOD_MATCH = YES;
				"CODE_SIGN_IDENTITY[sdk=iphoneos*]" = "iPhone Developer";
				COPY_PHASE_STRIP = NO;
				DEBUG_INFORMATION_FORMAT = dwarf;
				ENABLE_STRICT_OBJC_MSGSEND = YES;
				ENABLE_TESTABILITY = YES;
				GCC_C_LANGUAGE_STANDARD = gnu99;
				GCC_DYNAMIC_NO_PIC = NO;
				GCC_NO_COMMON_BLOCKS = YES;
				GCC_OPTIMIZATION_LEVEL = 0;
				GCC_PREPROCESSOR_DEFINITIONS = (
					"DEBUG=1",
					"$(inherited)",
				);
				GCC_WARN_64_TO_32_BIT_CONVERSION = YES;
				GCC_WARN_ABOUT_RETURN_TYPE = YES_ERROR;
				GCC_WARN_UNDECLARED_SELECTOR = YES;
				GCC_WARN_UNINITIALIZED_AUTOS = YES_AGGRESSIVE;
				GCC_WARN_UNUSED_FUNCTION = YES;
				GCC_WARN_UNUSED_VARIABLE = YES;
				IPHONEOS_DEPLOYMENT_TARGET = 9.1;
				MTL_ENABLE_DEBUG_INFO = YES;
				ONLY_ACTIVE_ARCH = YES;
				SDKROOT = iphoneos;
				SWIFT_OPTIMIZATION_LEVEL = "-Onone";
			};
			name = Debug;
		};
		5041FF751BF88D310089F4BF /* Release */ = {
			isa = XCBuildConfiguration;
			buildSettings = {
				ALWAYS_SEARCH_USER_PATHS = NO;
				CLANG_CXX_LANGUAGE_STANDARD = "gnu++0x";
				CLANG_CXX_LIBRARY = "libc++";
				CLANG_ENABLE_MODULES = YES;
				CLANG_ENABLE_OBJC_ARC = YES;
				CLANG_WARN_BOOL_CONVERSION = YES;
				CLANG_WARN_CONSTANT_CONVERSION = YES;
				CLANG_WARN_DIRECT_OBJC_ISA_USAGE = YES_ERROR;
				CLANG_WARN_EMPTY_BODY = YES;
				CLANG_WARN_ENUM_CONVERSION = YES;
				CLANG_WARN_INT_CONVERSION = YES;
				CLANG_WARN_OBJC_ROOT_CLASS = YES_ERROR;
				CLANG_WARN_UNREACHABLE_CODE = YES;
				CLANG_WARN__DUPLICATE_METHOD_MATCH = YES;
				"CODE_SIGN_IDENTITY[sdk=iphoneos*]" = "iPhone Developer";
				COPY_PHASE_STRIP = NO;
				DEBUG_INFORMATION_FORMAT = "dwarf-with-dsym";
				ENABLE_NS_ASSERTIONS = NO;
				ENABLE_STRICT_OBJC_MSGSEND = YES;
				GCC_C_LANGUAGE_STANDARD = gnu99;
				GCC_NO_COMMON_BLOCKS = YES;
				GCC_WARN_64_TO_32_BIT_CONVERSION = YES;
				GCC_WARN_ABOUT_RETURN_TYPE = YES_ERROR;
				GCC_WARN_UNDECLARED_SELECTOR = YES;
				GCC_WARN_UNINITIALIZED_AUTOS = YES_AGGRESSIVE;
				GCC_WARN_UNUSED_FUNCTION = YES;
				GCC_WARN_UNUSED_VARIABLE = YES;
				IPHONEOS_DEPLOYMENT_TARGET = 9.1;
				MTL_ENABLE_DEBUG_INFO = NO;
				SDKROOT = iphoneos;
				VALIDATE_PRODUCT = YES;
			};
			name = Release;
		};
		5041FF771BF88D310089F4BF /* Debug */ = {
			isa = XCBuildConfiguration;
			buildSettings = {
				ASSETCATALOG_COMPILER_APPICON_NAME = AppIcon;
				INFOPLIST_FILE = OOPRPG/Info.plist;
				LD_RUNPATH_SEARCH_PATHS = "$(inherited) @executable_path/Frameworks";
				PRODUCT_BUNDLE_IDENTIFIER = com.virtuoso.OOPRPG;
				PRODUCT_NAME = "$(TARGET_NAME)";
			};
			name = Debug;
		};
		5041FF781BF88D310089F4BF /* Release */ = {
			isa = XCBuildConfiguration;
			buildSettings = {
				ASSETCATALOG_COMPILER_APPICON_NAME = AppIcon;
				INFOPLIST_FILE = OOPRPG/Info.plist;
				LD_RUNPATH_SEARCH_PATHS = "$(inherited) @executable_path/Frameworks";
				PRODUCT_BUNDLE_IDENTIFIER = com.virtuoso.OOPRPG;
				PRODUCT_NAME = "$(TARGET_NAME)";
			};
			name = Release;
		};
/* End XCBuildConfiguration section */

/* Begin XCConfigurationList section */
		5041FF5F1BF88D310089F4BF /* Build configuration list for PBXProject "OOPRPG" */ = {
			isa = XCConfigurationList;
			buildConfigurations = (
				5041FF741BF88D310089F4BF /* Debug */,
				5041FF751BF88D310089F4BF /* Release */,
			);
			defaultConfigurationIsVisible = 0;
			defaultConfigurationName = Release;
		};
		5041FF761BF88D310089F4BF /* Build configuration list for PBXNativeTarget "OOPRPG" */ = {
			isa = XCConfigurationList;
			buildConfigurations = (
				5041FF771BF88D310089F4BF /* Debug */,
				5041FF781BF88D310089F4BF /* Release */,
			);
			defaultConfigurationIsVisible = 0;
		};
/* End XCConfigurationList section */
	};
	rootObject = 5041FF5C1BF88D310089F4BF /* Project object */;
}
